
Microsoft Visual Studio Solution File, Format Version 12.00
# Visual Studio Version 17
VisualStudioVersion = 17.9.34622.214
MinimumVisualStudioVersion = 10.0.40219.1
Project("{FAE04EC0-301F-11D3-BF4B-00C04F79EFBC}") = "doma-WPF-uloha4", "doma-WPF-uloha4\doma-WPF-uloha4.csproj", "{80D3B67A-CB9F-4D91-B3DB-EA31A92659C6}"
EndProject
Project("{FAE04EC0-301F-11D3-BF4B-00C04F79EFBC}") = "doma-WPF-uloha4-konzole", "doma-WPF-uloha4-konzole\doma-WPF-uloha4-konzole.csproj", "{EDCE5030-BAD9-4B1C-A1F7-1A092A32160A}"
EndProject
Global
	GlobalSection(SolutionConfigurationPlatforms) = preSolution
		Debug|Any CPU = Debug|Any CPU
		Release|Any CPU = Release|Any CPU
	EndGlobalSection
	GlobalSection(ProjectConfigurationPlatforms) = postSolution
		{80D3B67A-CB9F-4D91-B3DB-EA31A92659C6}.Debug|Any CPU.ActiveCfg = Debug|Any CPU
		{80D3B67A-CB9F-4D91-B3DB-EA31A92659C6}.Debug|Any CPU.Build.0 = Debug|Any CPU
		{80D3B67A-CB9F-4D91-B3DB-EA31A92659C6}.Release|Any CPU.ActiveCfg = Release|Any CPU
		{80D3B67A-CB9F-4D91-B3DB-EA31A92659C6}.Release|Any CPU.Build.0 = Release|Any CPU
		{EDCE5030-BAD9-4B1C-A1F7-1A092A32160A}.Debug|Any CPU.ActiveCfg = Debug|Any CPU
		{EDCE5030-BAD9-4B1C-A1F7-1A092A32160A}.Debug|Any CPU.Build.0 = Debug|Any CPU
		{EDCE5030-BAD9-4B1C-A1F7-1A092A32160A}.Release|Any CPU.ActiveCfg = Release|Any CPU
		{EDCE5030-BAD9-4B1C-A1F7-1A092A32160A}.Release|Any CPU.Build.0 = Release|Any CPU
	EndGlobalSection
	GlobalSection(SolutionProperties) = preSolution
		HideSolutionNode = FALSE
	EndGlobalSection
	GlobalSection(ExtensibilityGlobals) = postSolution
		SolutionGuid = {C096DEFC-6762-473A-80C3-43186FF6EC2C}
	EndGlobalSection
EndGlobal
