
Microsoft Visual Studio Solution File, Format Version 12.00
# Visual Studio Version 17
VisualStudioVersion = 17.9.34622.214
MinimumVisualStudioVersion = 10.0.40219.1
Project("{FAE04EC0-301F-11D3-BF4B-00C04F79EFBC}") = "skola-Asynchronní programování-uloha1", "skola-Asynchronní programování-uloha1\skola-Asynchronní programování-uloha1.csproj", "{7684839B-51C9-4B11-84BB-D7D25A5F0652}"
EndProject
Global
	GlobalSection(SolutionConfigurationPlatforms) = preSolution
		Debug|Any CPU = Debug|Any CPU
		Release|Any CPU = Release|Any CPU
	EndGlobalSection
	GlobalSection(ProjectConfigurationPlatforms) = postSolution
		{7684839B-51C9-4B11-84BB-D7D25A5F0652}.Debug|Any CPU.ActiveCfg = Debug|Any CPU
		{7684839B-51C9-4B11-84BB-D7D25A5F0652}.Debug|Any CPU.Build.0 = Debug|Any CPU
		{7684839B-51C9-4B11-84BB-D7D25A5F0652}.Release|Any CPU.ActiveCfg = Release|Any CPU
		{7684839B-51C9-4B11-84BB-D7D25A5F0652}.Release|Any CPU.Build.0 = Release|Any CPU
	EndGlobalSection
	GlobalSection(SolutionProperties) = preSolution
		HideSolutionNode = FALSE
	EndGlobalSection
	GlobalSection(ExtensibilityGlobals) = postSolution
		SolutionGuid = {C83F6D9C-6698-4036-A788-1CAF254B8CFB}
	EndGlobalSection
EndGlobal
