
Microsoft Visual Studio Solution File, Format Version 12.00
# Visual Studio Version 17
VisualStudioVersion = 17.9.34622.214
MinimumVisualStudioVersion = 10.0.40219.1
Project("{FAE04EC0-301F-11D3-BF4B-00C04F79EFBC}") = "Priklad3", "Priklad3\Priklad3.csproj", "{88553371-2AC7-477D-A750-6192E8966F4F}"
EndProject
Global
	GlobalSection(SolutionConfigurationPlatforms) = preSolution
		Debug|Any CPU = Debug|Any CPU
		Release|Any CPU = Release|Any CPU
	EndGlobalSection
	GlobalSection(ProjectConfigurationPlatforms) = postSolution
		{88553371-2AC7-477D-A750-6192E8966F4F}.Debug|Any CPU.ActiveCfg = Debug|Any CPU
		{88553371-2AC7-477D-A750-6192E8966F4F}.Debug|Any CPU.Build.0 = Debug|Any CPU
		{88553371-2AC7-477D-A750-6192E8966F4F}.Debug|Any CPU.Deploy.0 = Debug|Any CPU
		{88553371-2AC7-477D-A750-6192E8966F4F}.Release|Any CPU.ActiveCfg = Release|Any CPU
		{88553371-2AC7-477D-A750-6192E8966F4F}.Release|Any CPU.Build.0 = Release|Any CPU
		{88553371-2AC7-477D-A750-6192E8966F4F}.Release|Any CPU.Deploy.0 = Release|Any CPU
	EndGlobalSection
	GlobalSection(SolutionProperties) = preSolution
		HideSolutionNode = FALSE
	EndGlobalSection
	GlobalSection(ExtensibilityGlobals) = postSolution
		SolutionGuid = {343B3692-1352-45D3-85A1-B448ED5AB432}
	EndGlobalSection
EndGlobal
