
Microsoft Visual Studio Solution File, Format Version 12.00
# Visual Studio Version 17
VisualStudioVersion = 17.7.34202.233
MinimumVisualStudioVersion = 10.0.40219.1
Project("{FAE04EC0-301F-11D3-BF4B-00C04F79EFBC}") = "skola-WPF-uloha1", "skola-WPF-uloha1\skola-WPF-uloha1.csproj", "{D28E697D-383C-47C6-A15D-7093D64A03F5}"
EndProject
Global
	GlobalSection(SolutionConfigurationPlatforms) = preSolution
		Debug|Any CPU = Debug|Any CPU
		Release|Any CPU = Release|Any CPU
	EndGlobalSection
	GlobalSection(ProjectConfigurationPlatforms) = postSolution
		{D28E697D-383C-47C6-A15D-7093D64A03F5}.Debug|Any CPU.ActiveCfg = Debug|Any CPU
		{D28E697D-383C-47C6-A15D-7093D64A03F5}.Debug|Any CPU.Build.0 = Debug|Any CPU
		{D28E697D-383C-47C6-A15D-7093D64A03F5}.Release|Any CPU.ActiveCfg = Release|Any CPU
		{D28E697D-383C-47C6-A15D-7093D64A03F5}.Release|Any CPU.Build.0 = Release|Any CPU
	EndGlobalSection
	GlobalSection(SolutionProperties) = preSolution
		HideSolutionNode = FALSE
	EndGlobalSection
	GlobalSection(ExtensibilityGlobals) = postSolution
		SolutionGuid = {8D56812D-F8E2-4B83-99AD-6A61F5490043}
	EndGlobalSection
EndGlobal
